
Microsoft Visual Studio Solution File, Format Version 12.00
# Visual Studio Version 16
VisualStudioVersion = 16.0.28922.388
MinimumVisualStudioVersion = 10.0.40219.1
Project("{9A19103F-16F7-4668-BE54-9A1E7A4F7556}") = "NFAParser", "NFAParser\NFAParser.csproj", "{DF59B070-6A4C-4680-8A99-0352D45E0125}"
EndProject
Global
	GlobalSection(SolutionConfigurationPlatforms) = preSolution
		Debug|Any CPU = Debug|Any CPU
		Release|Any CPU = Release|Any CPU
	EndGlobalSection
	GlobalSection(ProjectConfigurationPlatforms) = postSolution
		{DF59B070-6A4C-4680-8A99-0352D45E0125}.Debug|Any CPU.ActiveCfg = Debug|Any CPU
		{DF59B070-6A4C-4680-8A99-0352D45E0125}.Debug|Any CPU.Build.0 = Debug|Any CPU
		{DF59B070-6A4C-4680-8A99-0352D45E0125}.Release|Any CPU.ActiveCfg = Release|Any CPU
		{DF59B070-6A4C-4680-8A99-0352D45E0125}.Release|Any CPU.Build.0 = Release|Any CPU
	EndGlobalSection
	GlobalSection(SolutionProperties) = preSolution
		HideSolutionNode = FALSE
	EndGlobalSection
	GlobalSection(ExtensibilityGlobals) = postSolution
		SolutionGuid = {C1BD7E05-7CC9-4BEE-987A-6DF52DE1B99B}
	EndGlobalSection
EndGlobal
